
Microsoft Visual Studio Solution File, Format Version 12.00
# Visual Studio Version 16
VisualStudioVersion = 16.0.32630.194
MinimumVisualStudioVersion = 10.0.40219.1
Project("{FAE04EC0-301F-11D3-BF4B-00C04F79EFBC}") = "CurrencyConverter_Static", "CurrencyConverter_Static\CurrencyConverter_Static.csproj", "{7190314B-1E15-430A-AB93-FB41BB1FC12D}"
EndProject
Global
	GlobalSection(SolutionConfigurationPlatforms) = preSolution
		Debug|Any CPU = Debug|Any CPU
		Release|Any CPU = Release|Any CPU
	EndGlobalSection
	GlobalSection(ProjectConfigurationPlatforms) = postSolution
		{7190314B-1E15-430A-AB93-FB41BB1FC12D}.Debug|Any CPU.ActiveCfg = Debug|Any CPU
		{7190314B-1E15-430A-AB93-FB41BB1FC12D}.Debug|Any CPU.Build.0 = Debug|Any CPU
		{7190314B-1E15-430A-AB93-FB41BB1FC12D}.Release|Any CPU.ActiveCfg = Release|Any CPU
		{7190314B-1E15-430A-AB93-FB41BB1FC12D}.Release|Any CPU.Build.0 = Release|Any CPU
	EndGlobalSection
	GlobalSection(SolutionProperties) = preSolution
		HideSolutionNode = FALSE
	EndGlobalSection
	GlobalSection(ExtensibilityGlobals) = postSolution
		SolutionGuid = {AF66C9FB-BFB7-4AC1-A282-9EA5F8B56B6E}
	EndGlobalSection
EndGlobal
